
Microsoft Visual Studio Solution File, Format Version 12.00
# Visual Studio Version 17
VisualStudioVersion = 17.9.34622.214
MinimumVisualStudioVersion = 10.0.40219.1
Project("{FAE04EC0-301F-11D3-BF4B-00C04F79EFBC}") = "TrasferWorkingFiles", "TrasferWorkingFiles\TrasferWorkingFiles.csproj", "{B298C584-5418-4854-ADBF-E2CC0631539F}"
EndProject
Project("{2150E333-8FDC-42A3-9474-1A3956D46DE8}") = "Solution Items", "Solution Items", "{1FE22000-405F-4231-A015-54ADCA17F1CF}"
	ProjectSection(SolutionItems) = preProject
		.editorconfig = .editorconfig
	EndProjectSection
EndProject
Global
	GlobalSection(SolutionConfigurationPlatforms) = preSolution
		Debug|Any CPU = Debug|Any CPU
		Release|Any CPU = Release|Any CPU
	EndGlobalSection
	GlobalSection(ProjectConfigurationPlatforms) = postSolution
		{B298C584-5418-4854-ADBF-E2CC0631539F}.Debug|Any CPU.ActiveCfg = Debug|Any CPU
		{B298C584-5418-4854-ADBF-E2CC0631539F}.Debug|Any CPU.Build.0 = Debug|Any CPU
		{B298C584-5418-4854-ADBF-E2CC0631539F}.Release|Any CPU.ActiveCfg = Release|Any CPU
		{B298C584-5418-4854-ADBF-E2CC0631539F}.Release|Any CPU.Build.0 = Release|Any CPU
	EndGlobalSection
	GlobalSection(SolutionProperties) = preSolution
		HideSolutionNode = FALSE
	EndGlobalSection
	GlobalSection(ExtensibilityGlobals) = postSolution
		SolutionGuid = {58E698A8-9E71-48CE-97B1-BFB7E95F7125}
	EndGlobalSection
EndGlobal
