
Microsoft Visual Studio Solution File, Format Version 12.00
# Visual Studio Version 17
VisualStudioVersion = 17.14.36212.18 d17.14
MinimumVisualStudioVersion = 10.0.40219.1
Project("{FAE04EC0-301F-11D3-BF4B-00C04F79EFBC}") = "RRDM4ATMsClasses", "RRDM4ATMsClasses\RRDM4ATMsClasses.csproj", "{7AC63154-20AB-4ABE-BB75-57DA8DB8427E}"
	ProjectSection(ProjectDependencies) = postProject
		{C6EA7FAF-AB36-40E2-AF40-89BE851B4BB0} = {C6EA7FAF-AB36-40E2-AF40-89BE851B4BB0}
	EndProjectSection
EndProject
Project("{2150E333-8FDC-42A3-9474-1A3956D46DE8}") = "Solution Items", "Solution Items", "{D8DAA2A4-2D77-4DFF-A3BC-C2292C1E0596}"
EndProject
Project("{FAE04EC0-301F-11D3-BF4B-00C04F79EFBC}") = "RRDM4ATMsGIS", "RRDM4ATMsGIS\RRDM4ATMsGIS.csproj", "{1BB44BCF-0F1E-469E-BA99-47FC76E2C6AC}"
EndProject
Project("{FAE04EC0-301F-11D3-BF4B-00C04F79EFBC}") = "RRDM4ATMsWin", "RRDM4ATMsWin\RRDM4ATMsWin.csproj", "{2DE05750-62EA-4607-9EBC-293EA89C8FB4}"
	ProjectSection(ProjectDependencies) = postProject
		{C6EA7FAF-AB36-40E2-AF40-89BE851B4BB0} = {C6EA7FAF-AB36-40E2-AF40-89BE851B4BB0}
	EndProjectSection
EndProject
Project("{FAE04EC0-301F-11D3-BF4B-00C04F79EFBC}") = "RRDMJTMClasses", "RRDMJTMClasses\RRDMJTMClasses.csproj", "{284F800B-EF82-4588-8601-25BC1D2222AA}"
EndProject
Project("{FAE04EC0-301F-11D3-BF4B-00C04F79EFBC}") = "RRDMJTM", "RRDMJTM\RRDMJTM.csproj", "{DF6B1323-090E-4393-9A38-15F383312E4C}"
EndProject
Project("{FAE04EC0-301F-11D3-BF4B-00C04F79EFBC}") = "RRDMJTMService", "RRDMJTMService\RRDMJTMService.csproj", "{85AD0841-F8E2-40AF-9399-8CC5D24DFD89}"
EndProject
Project("{FAE04EC0-301F-11D3-BF4B-00C04F79EFBC}") = "RRDMJTMSimulator", "RRDMJTMSimulator\RRDMJTMSimulator.csproj", "{4DFA9AED-6DA8-405F-A6A1-23DBA0272C0F}"
EndProject
Project("{FAE04EC0-301F-11D3-BF4B-00C04F79EFBC}") = "RRDMEventSourceInstaller", "RRDMEventSourceInstaller\RRDMEventSourceInstaller.csproj", "{BD75E035-C74B-4026-9599-20B08ACF6F57}"
EndProject
Project("{FAE04EC0-301F-11D3-BF4B-00C04F79EFBC}") = "RRDMActiveDirTest", "RRDMActiveDirTest\RRDMActiveDirTest.csproj", "{FE8A054F-B9DA-419A-8FD6-D5FCE8CA75F7}"
EndProject
Project("{FAE04EC0-301F-11D3-BF4B-00C04F79EFBC}") = "RRDMSMSLib", "RRDMSMSLib\RRDMSMSLib.csproj", "{D167E85E-0AF6-48D8-9EA3-23CDEA4562A2}"
EndProject
Project("{FAE04EC0-301F-11D3-BF4B-00C04F79EFBC}") = "RRDM_Encryption", "RRDM_Encryption\RRDM_Encryption.csproj", "{C6EA7FAF-AB36-40E2-AF40-89BE851B4BB0}"
EndProject
Project("{FAE04EC0-301F-11D3-BF4B-00C04F79EFBC}") = "RRDMRFM", "RRDMReconciliationFileMonitor\RRDMRFM.csproj", "{51FDCBA4-9A0F-4CCD-8013-B499982DE472}"
EndProject
Project("{FAE04EC0-301F-11D3-BF4B-00C04F79EFBC}") = "RRDMRFMClasses", "RRDMRFMClasses\RRDMRFMClasses.csproj", "{B5F5C1E6-CE36-4B9D-BD8D-8BD7F381FDF8}"
EndProject
Project("{FAE04EC0-301F-11D3-BF4B-00C04F79EFBC}") = "RRDMRFMService", "RRDMRFMService\RRDMRFMService.csproj", "{0F4D6796-B76F-4D41-B487-C2E99C4CAA8B}"
EndProject
Project("{FAE04EC0-301F-11D3-BF4B-00C04F79EFBC}") = "RRDMRFM_Journal_Classes", "RRDMRFM_Journal_Classes\RRDMRFM_Journal_Classes.csproj", "{55C49984-B9DF-49B0-9AEB-904572E92365}"
EndProject
Project("{FAE04EC0-301F-11D3-BF4B-00C04F79EFBC}") = "RRDMRFM_Journal_Console", "RRDMRFM_Journal_Console\RRDMRFM_Journal_Console.csproj", "{D47B1360-2511-4217-A807-F8E5F24222B4}"
EndProject
Project("{FAE04EC0-301F-11D3-BF4B-00C04F79EFBC}") = "RRDMRFM_Journal_Service", "RRDMRFM_Journal_Service\RRDMRFM_Journal_Service.csproj", "{3F078178-23B8-46BA-A369-F873210BFFE4}"
EndProject
Project("{FAE04EC0-301F-11D3-BF4B-00C04F79EFBC}") = "JournalLineNumbers", "JournalLineNumbers\JournalLineNumbers.csproj", "{0728A249-289A-4AA8-AD95-65CA266A29F7}"
EndProject
Project("{FAE04EC0-301F-11D3-BF4B-00C04F79EFBC}") = "RRDMAgent_Classes", "RRDMAgent_Classes\RRDMAgent_Classes.csproj", "{74EE63E2-5832-4783-A7B4-E6A847491CC5}"
EndProject
Project("{FAE04EC0-301F-11D3-BF4B-00C04F79EFBC}") = "RRDMAgent_Console", "RRDMAgent_Console\RRDMAgent_Console.csproj", "{408228FD-0A74-46BD-A6A7-3E4AA536F7E1}"
EndProject
Project("{FAE04EC0-301F-11D3-BF4B-00C04F79EFBC}") = "RRDMAgent_Simulator", "RRDMAgent_Simulator\RRDMAgent_Simulator.csproj", "{EA6CC472-2789-4BDE-B483-178DB5AD2F63}"
EndProject
Project("{FAE04EC0-301F-11D3-BF4B-00C04F79EFBC}") = "RRDMAgent_Service", "RRDMAgent_Service\RRDMAgent_Service.csproj", "{0244AC55-B67A-479E-BB46-CD47549C2090}"
EndProject
Project("{FAE04EC0-301F-11D3-BF4B-00C04F79EFBC}") = "AutoOperations", "AutoOperations\AutoOperations.csproj", "{D34E3591-0144-42EF-8BAA-F716CD7ACCE0}"
EndProject
Project("{FAE04EC0-301F-11D3-BF4B-00C04F79EFBC}") = "AutoOperationsTest", "AutoOperationsTest\AutoOperationsTest.csproj", "{1B5C74E0-771C-487D-B268-AFCDDEA2CD75}"
EndProject
Project("{FAE04EC0-301F-11D3-BF4B-00C04F79EFBC}") = "RRDMJournalsTransfer", "RRDMJournalsTransfer\RRDMJournalsTransfer\RRDMJournalsTransfer.csproj", "{B298C584-5418-4854-ADBF-E2CC0631539F}"
EndProject
Global
	GlobalSection(SolutionConfigurationPlatforms) = preSolution
		Debug|Any CPU = Debug|Any CPU
		Debug|x64 = Debug|x64
		Debug|x86 = Debug|x86
		DebugLocal|Any CPU = DebugLocal|Any CPU
		DebugLocal|x64 = DebugLocal|x64
		DebugLocal|x86 = DebugLocal|x86
		Release|Any CPU = Release|Any CPU
		Release|x64 = Release|x64
		Release|x86 = Release|x86
	EndGlobalSection
	GlobalSection(ProjectConfigurationPlatforms) = postSolution
		{7AC63154-20AB-4ABE-BB75-57DA8DB8427E}.Debug|Any CPU.ActiveCfg = Debug|Any CPU
		{7AC63154-20AB-4ABE-BB75-57DA8DB8427E}.Debug|Any CPU.Build.0 = Debug|Any CPU
		{7AC63154-20AB-4ABE-BB75-57DA8DB8427E}.Debug|x64.ActiveCfg = Debug|Any CPU
		{7AC63154-20AB-4ABE-BB75-57DA8DB8427E}.Debug|x64.Build.0 = Debug|Any CPU
		{7AC63154-20AB-4ABE-BB75-57DA8DB8427E}.Debug|x86.ActiveCfg = Debug|Any CPU
		{7AC63154-20AB-4ABE-BB75-57DA8DB8427E}.Debug|x86.Build.0 = Debug|Any CPU
		{7AC63154-20AB-4ABE-BB75-57DA8DB8427E}.DebugLocal|Any CPU.ActiveCfg = Debug|Any CPU
		{7AC63154-20AB-4ABE-BB75-57DA8DB8427E}.DebugLocal|Any CPU.Build.0 = Debug|Any CPU
		{7AC63154-20AB-4ABE-BB75-57DA8DB8427E}.DebugLocal|x64.ActiveCfg = Debug|Any CPU
		{7AC63154-20AB-4ABE-BB75-57DA8DB8427E}.DebugLocal|x64.Build.0 = Debug|Any CPU
		{7AC63154-20AB-4ABE-BB75-57DA8DB8427E}.DebugLocal|x86.ActiveCfg = Debug|Any CPU
		{7AC63154-20AB-4ABE-BB75-57DA8DB8427E}.DebugLocal|x86.Build.0 = Debug|Any CPU
		{7AC63154-20AB-4ABE-BB75-57DA8DB8427E}.Release|Any CPU.ActiveCfg = Debug|Any CPU
		{7AC63154-20AB-4ABE-BB75-57DA8DB8427E}.Release|Any CPU.Build.0 = Debug|Any CPU
		{7AC63154-20AB-4ABE-BB75-57DA8DB8427E}.Release|x64.ActiveCfg = Release|Any CPU
		{7AC63154-20AB-4ABE-BB75-57DA8DB8427E}.Release|x64.Build.0 = Release|Any CPU
		{7AC63154-20AB-4ABE-BB75-57DA8DB8427E}.Release|x86.ActiveCfg = Release|Any CPU
		{7AC63154-20AB-4ABE-BB75-57DA8DB8427E}.Release|x86.Build.0 = Release|Any CPU
		{1BB44BCF-0F1E-469E-BA99-47FC76E2C6AC}.Debug|Any CPU.ActiveCfg = Debug|Any CPU
		{1BB44BCF-0F1E-469E-BA99-47FC76E2C6AC}.Debug|x64.ActiveCfg = Debug|Any CPU
		{1BB44BCF-0F1E-469E-BA99-47FC76E2C6AC}.Debug|x64.Build.0 = Debug|Any CPU
		{1BB44BCF-0F1E-469E-BA99-47FC76E2C6AC}.Debug|x86.ActiveCfg = Debug|Any CPU
		{1BB44BCF-0F1E-469E-BA99-47FC76E2C6AC}.Debug|x86.Build.0 = Debug|Any CPU
		{1BB44BCF-0F1E-469E-BA99-47FC76E2C6AC}.DebugLocal|Any CPU.ActiveCfg = Debug|Any CPU
		{1BB44BCF-0F1E-469E-BA99-47FC76E2C6AC}.DebugLocal|x64.ActiveCfg = Debug|Any CPU
		{1BB44BCF-0F1E-469E-BA99-47FC76E2C6AC}.DebugLocal|x64.Build.0 = Debug|Any CPU
		{1BB44BCF-0F1E-469E-BA99-47FC76E2C6AC}.DebugLocal|x86.ActiveCfg = Debug|Any CPU
		{1BB44BCF-0F1E-469E-BA99-47FC76E2C6AC}.DebugLocal|x86.Build.0 = Debug|Any CPU
		{1BB44BCF-0F1E-469E-BA99-47FC76E2C6AC}.Release|Any CPU.ActiveCfg = Debug|Any CPU
		{1BB44BCF-0F1E-469E-BA99-47FC76E2C6AC}.Release|x64.ActiveCfg = Release|Any CPU
		{1BB44BCF-0F1E-469E-BA99-47FC76E2C6AC}.Release|x64.Build.0 = Release|Any CPU
		{1BB44BCF-0F1E-469E-BA99-47FC76E2C6AC}.Release|x86.ActiveCfg = Release|Any CPU
		{1BB44BCF-0F1E-469E-BA99-47FC76E2C6AC}.Release|x86.Build.0 = Release|Any CPU
		{2DE05750-62EA-4607-9EBC-293EA89C8FB4}.Debug|Any CPU.ActiveCfg = Debug|Any CPU
		{2DE05750-62EA-4607-9EBC-293EA89C8FB4}.Debug|Any CPU.Build.0 = Debug|Any CPU
		{2DE05750-62EA-4607-9EBC-293EA89C8FB4}.Debug|x64.ActiveCfg = Debug|Any CPU
		{2DE05750-62EA-4607-9EBC-293EA89C8FB4}.Debug|x64.Build.0 = Debug|Any CPU
		{2DE05750-62EA-4607-9EBC-293EA89C8FB4}.Debug|x86.ActiveCfg = Debug|Any CPU
		{2DE05750-62EA-4607-9EBC-293EA89C8FB4}.Debug|x86.Build.0 = Debug|Any CPU
		{2DE05750-62EA-4607-9EBC-293EA89C8FB4}.DebugLocal|Any CPU.ActiveCfg = Debug|Any CPU
		{2DE05750-62EA-4607-9EBC-293EA89C8FB4}.DebugLocal|Any CPU.Build.0 = Debug|Any CPU
		{2DE05750-62EA-4607-9EBC-293EA89C8FB4}.DebugLocal|x64.ActiveCfg = Debug|Any CPU
		{2DE05750-62EA-4607-9EBC-293EA89C8FB4}.DebugLocal|x64.Build.0 = Debug|Any CPU
		{2DE05750-62EA-4607-9EBC-293EA89C8FB4}.DebugLocal|x86.ActiveCfg = Debug|Any CPU
		{2DE05750-62EA-4607-9EBC-293EA89C8FB4}.DebugLocal|x86.Build.0 = Debug|Any CPU
		{2DE05750-62EA-4607-9EBC-293EA89C8FB4}.Release|Any CPU.ActiveCfg = Debug|Any CPU
		{2DE05750-62EA-4607-9EBC-293EA89C8FB4}.Release|Any CPU.Build.0 = Debug|Any CPU
		{2DE05750-62EA-4607-9EBC-293EA89C8FB4}.Release|x64.ActiveCfg = Release|Any CPU
		{2DE05750-62EA-4607-9EBC-293EA89C8FB4}.Release|x64.Build.0 = Release|Any CPU
		{2DE05750-62EA-4607-9EBC-293EA89C8FB4}.Release|x86.ActiveCfg = Release|Any CPU
		{2DE05750-62EA-4607-9EBC-293EA89C8FB4}.Release|x86.Build.0 = Release|Any CPU
		{284F800B-EF82-4588-8601-25BC1D2222AA}.Debug|Any CPU.ActiveCfg = Debug|Any CPU
		{284F800B-EF82-4588-8601-25BC1D2222AA}.Debug|Any CPU.Build.0 = Debug|Any CPU
		{284F800B-EF82-4588-8601-25BC1D2222AA}.Debug|x64.ActiveCfg = Debug|Any CPU
		{284F800B-EF82-4588-8601-25BC1D2222AA}.Debug|x64.Build.0 = Debug|Any CPU
		{284F800B-EF82-4588-8601-25BC1D2222AA}.Debug|x86.ActiveCfg = Debug|Any CPU
		{284F800B-EF82-4588-8601-25BC1D2222AA}.Debug|x86.Build.0 = Debug|Any CPU
		{284F800B-EF82-4588-8601-25BC1D2222AA}.DebugLocal|Any CPU.ActiveCfg = Debug|Any CPU
		{284F800B-EF82-4588-8601-25BC1D2222AA}.DebugLocal|Any CPU.Build.0 = Debug|Any CPU
		{284F800B-EF82-4588-8601-25BC1D2222AA}.DebugLocal|x64.ActiveCfg = Debug|Any CPU
		{284F800B-EF82-4588-8601-25BC1D2222AA}.DebugLocal|x64.Build.0 = Debug|Any CPU
		{284F800B-EF82-4588-8601-25BC1D2222AA}.DebugLocal|x86.ActiveCfg = Debug|Any CPU
		{284F800B-EF82-4588-8601-25BC1D2222AA}.DebugLocal|x86.Build.0 = Debug|Any CPU
		{284F800B-EF82-4588-8601-25BC1D2222AA}.Release|Any CPU.ActiveCfg = Debug|Any CPU
		{284F800B-EF82-4588-8601-25BC1D2222AA}.Release|Any CPU.Build.0 = Debug|Any CPU
		{284F800B-EF82-4588-8601-25BC1D2222AA}.Release|x64.ActiveCfg = Release|Any CPU
		{284F800B-EF82-4588-8601-25BC1D2222AA}.Release|x64.Build.0 = Release|Any CPU
		{284F800B-EF82-4588-8601-25BC1D2222AA}.Release|x86.ActiveCfg = Release|Any CPU
		{284F800B-EF82-4588-8601-25BC1D2222AA}.Release|x86.Build.0 = Release|Any CPU
		{DF6B1323-090E-4393-9A38-15F383312E4C}.Debug|Any CPU.ActiveCfg = Debug|Any CPU
		{DF6B1323-090E-4393-9A38-15F383312E4C}.Debug|Any CPU.Build.0 = Debug|Any CPU
		{DF6B1323-090E-4393-9A38-15F383312E4C}.Debug|x64.ActiveCfg = Debug|Any CPU
		{DF6B1323-090E-4393-9A38-15F383312E4C}.Debug|x64.Build.0 = Debug|Any CPU
		{DF6B1323-090E-4393-9A38-15F383312E4C}.Debug|x86.ActiveCfg = Debug|Any CPU
		{DF6B1323-090E-4393-9A38-15F383312E4C}.Debug|x86.Build.0 = Debug|Any CPU
		{DF6B1323-090E-4393-9A38-15F383312E4C}.DebugLocal|Any CPU.ActiveCfg = Debug|Any CPU
		{DF6B1323-090E-4393-9A38-15F383312E4C}.DebugLocal|Any CPU.Build.0 = Debug|Any CPU
		{DF6B1323-090E-4393-9A38-15F383312E4C}.DebugLocal|x64.ActiveCfg = Debug|Any CPU
		{DF6B1323-090E-4393-9A38-15F383312E4C}.DebugLocal|x64.Build.0 = Debug|Any CPU
		{DF6B1323-090E-4393-9A38-15F383312E4C}.DebugLocal|x86.ActiveCfg = Debug|Any CPU
		{DF6B1323-090E-4393-9A38-15F383312E4C}.DebugLocal|x86.Build.0 = Debug|Any CPU
		{DF6B1323-090E-4393-9A38-15F383312E4C}.Release|Any CPU.ActiveCfg = Debug|Any CPU
		{DF6B1323-090E-4393-9A38-15F383312E4C}.Release|Any CPU.Build.0 = Debug|Any CPU
		{DF6B1323-090E-4393-9A38-15F383312E4C}.Release|x64.ActiveCfg = Release|Any CPU
		{DF6B1323-090E-4393-9A38-15F383312E4C}.Release|x64.Build.0 = Release|Any CPU
		{DF6B1323-090E-4393-9A38-15F383312E4C}.Release|x86.ActiveCfg = Release|Any CPU
		{DF6B1323-090E-4393-9A38-15F383312E4C}.Release|x86.Build.0 = Release|Any CPU
		{85AD0841-F8E2-40AF-9399-8CC5D24DFD89}.Debug|Any CPU.ActiveCfg = Debug|Any CPU
		{85AD0841-F8E2-40AF-9399-8CC5D24DFD89}.Debug|Any CPU.Build.0 = Debug|Any CPU
		{85AD0841-F8E2-40AF-9399-8CC5D24DFD89}.Debug|x64.ActiveCfg = Debug|Any CPU
		{85AD0841-F8E2-40AF-9399-8CC5D24DFD89}.Debug|x64.Build.0 = Debug|Any CPU
		{85AD0841-F8E2-40AF-9399-8CC5D24DFD89}.Debug|x86.ActiveCfg = Debug|Any CPU
		{85AD0841-F8E2-40AF-9399-8CC5D24DFD89}.Debug|x86.Build.0 = Debug|Any CPU
		{85AD0841-F8E2-40AF-9399-8CC5D24DFD89}.DebugLocal|Any CPU.ActiveCfg = Debug|Any CPU
		{85AD0841-F8E2-40AF-9399-8CC5D24DFD89}.DebugLocal|Any CPU.Build.0 = Debug|Any CPU
		{85AD0841-F8E2-40AF-9399-8CC5D24DFD89}.DebugLocal|x64.ActiveCfg = Debug|Any CPU
		{85AD0841-F8E2-40AF-9399-8CC5D24DFD89}.DebugLocal|x64.Build.0 = Debug|Any CPU
		{85AD0841-F8E2-40AF-9399-8CC5D24DFD89}.DebugLocal|x86.ActiveCfg = Debug|Any CPU
		{85AD0841-F8E2-40AF-9399-8CC5D24DFD89}.DebugLocal|x86.Build.0 = Debug|Any CPU
		{85AD0841-F8E2-40AF-9399-8CC5D24DFD89}.Release|Any CPU.ActiveCfg = Debug|Any CPU
		{85AD0841-F8E2-40AF-9399-8CC5D24DFD89}.Release|Any CPU.Build.0 = Debug|Any CPU
		{85AD0841-F8E2-40AF-9399-8CC5D24DFD89}.Release|x64.ActiveCfg = Release|Any CPU
		{85AD0841-F8E2-40AF-9399-8CC5D24DFD89}.Release|x64.Build.0 = Release|Any CPU
		{85AD0841-F8E2-40AF-9399-8CC5D24DFD89}.Release|x86.ActiveCfg = Release|Any CPU
		{85AD0841-F8E2-40AF-9399-8CC5D24DFD89}.Release|x86.Build.0 = Release|Any CPU
		{4DFA9AED-6DA8-405F-A6A1-23DBA0272C0F}.Debug|Any CPU.ActiveCfg = Debug|Any CPU
		{4DFA9AED-6DA8-405F-A6A1-23DBA0272C0F}.Debug|x64.ActiveCfg = Debug|Any CPU
		{4DFA9AED-6DA8-405F-A6A1-23DBA0272C0F}.Debug|x64.Build.0 = Debug|Any CPU
		{4DFA9AED-6DA8-405F-A6A1-23DBA0272C0F}.Debug|x86.ActiveCfg = Debug|Any CPU
		{4DFA9AED-6DA8-405F-A6A1-23DBA0272C0F}.Debug|x86.Build.0 = Debug|Any CPU
		{4DFA9AED-6DA8-405F-A6A1-23DBA0272C0F}.DebugLocal|Any CPU.ActiveCfg = Debug|Any CPU
		{4DFA9AED-6DA8-405F-A6A1-23DBA0272C0F}.DebugLocal|x64.ActiveCfg = Debug|Any CPU
		{4DFA9AED-6DA8-405F-A6A1-23DBA0272C0F}.DebugLocal|x64.Build.0 = Debug|Any CPU
		{4DFA9AED-6DA8-405F-A6A1-23DBA0272C0F}.DebugLocal|x86.ActiveCfg = Debug|Any CPU
		{4DFA9AED-6DA8-405F-A6A1-23DBA0272C0F}.DebugLocal|x86.Build.0 = Debug|Any CPU
		{4DFA9AED-6DA8-405F-A6A1-23DBA0272C0F}.Release|Any CPU.ActiveCfg = Debug|Any CPU
		{4DFA9AED-6DA8-405F-A6A1-23DBA0272C0F}.Release|x64.ActiveCfg = Release|Any CPU
		{4DFA9AED-6DA8-405F-A6A1-23DBA0272C0F}.Release|x64.Build.0 = Release|Any CPU
		{4DFA9AED-6DA8-405F-A6A1-23DBA0272C0F}.Release|x86.ActiveCfg = Release|Any CPU
		{4DFA9AED-6DA8-405F-A6A1-23DBA0272C0F}.Release|x86.Build.0 = Release|Any CPU
		{BD75E035-C74B-4026-9599-20B08ACF6F57}.Debug|Any CPU.ActiveCfg = Debug|Any CPU
		{BD75E035-C74B-4026-9599-20B08ACF6F57}.Debug|Any CPU.Build.0 = Debug|Any CPU
		{BD75E035-C74B-4026-9599-20B08ACF6F57}.Debug|x64.ActiveCfg = Debug|Any CPU
		{BD75E035-C74B-4026-9599-20B08ACF6F57}.Debug|x64.Build.0 = Debug|Any CPU
		{BD75E035-C74B-4026-9599-20B08ACF6F57}.Debug|x86.ActiveCfg = Debug|Any CPU
		{BD75E035-C74B-4026-9599-20B08ACF6F57}.Debug|x86.Build.0 = Debug|Any CPU
		{BD75E035-C74B-4026-9599-20B08ACF6F57}.DebugLocal|Any CPU.ActiveCfg = Debug|Any CPU
		{BD75E035-C74B-4026-9599-20B08ACF6F57}.DebugLocal|Any CPU.Build.0 = Debug|Any CPU
		{BD75E035-C74B-4026-9599-20B08ACF6F57}.DebugLocal|x64.ActiveCfg = Debug|Any CPU
		{BD75E035-C74B-4026-9599-20B08ACF6F57}.DebugLocal|x64.Build.0 = Debug|Any CPU
		{BD75E035-C74B-4026-9599-20B08ACF6F57}.DebugLocal|x86.ActiveCfg = Debug|Any CPU
		{BD75E035-C74B-4026-9599-20B08ACF6F57}.DebugLocal|x86.Build.0 = Debug|Any CPU
		{BD75E035-C74B-4026-9599-20B08ACF6F57}.Release|Any CPU.ActiveCfg = Debug|Any CPU
		{BD75E035-C74B-4026-9599-20B08ACF6F57}.Release|Any CPU.Build.0 = Debug|Any CPU
		{BD75E035-C74B-4026-9599-20B08ACF6F57}.Release|x64.ActiveCfg = Release|Any CPU
		{BD75E035-C74B-4026-9599-20B08ACF6F57}.Release|x64.Build.0 = Release|Any CPU
		{BD75E035-C74B-4026-9599-20B08ACF6F57}.Release|x86.ActiveCfg = Release|Any CPU
		{BD75E035-C74B-4026-9599-20B08ACF6F57}.Release|x86.Build.0 = Release|Any CPU
		{FE8A054F-B9DA-419A-8FD6-D5FCE8CA75F7}.Debug|Any CPU.ActiveCfg = Debug|Any CPU
		{FE8A054F-B9DA-419A-8FD6-D5FCE8CA75F7}.Debug|x64.ActiveCfg = Debug|Any CPU
		{FE8A054F-B9DA-419A-8FD6-D5FCE8CA75F7}.Debug|x64.Build.0 = Debug|Any CPU
		{FE8A054F-B9DA-419A-8FD6-D5FCE8CA75F7}.Debug|x86.ActiveCfg = Debug|Any CPU
		{FE8A054F-B9DA-419A-8FD6-D5FCE8CA75F7}.Debug|x86.Build.0 = Debug|Any CPU
		{FE8A054F-B9DA-419A-8FD6-D5FCE8CA75F7}.DebugLocal|Any CPU.ActiveCfg = Debug|Any CPU
		{FE8A054F-B9DA-419A-8FD6-D5FCE8CA75F7}.DebugLocal|x64.ActiveCfg = Debug|Any CPU
		{FE8A054F-B9DA-419A-8FD6-D5FCE8CA75F7}.DebugLocal|x64.Build.0 = Debug|Any CPU
		{FE8A054F-B9DA-419A-8FD6-D5FCE8CA75F7}.DebugLocal|x86.ActiveCfg = Debug|Any CPU
		{FE8A054F-B9DA-419A-8FD6-D5FCE8CA75F7}.DebugLocal|x86.Build.0 = Debug|Any CPU
		{FE8A054F-B9DA-419A-8FD6-D5FCE8CA75F7}.Release|Any CPU.ActiveCfg = Debug|Any CPU
		{FE8A054F-B9DA-419A-8FD6-D5FCE8CA75F7}.Release|x64.ActiveCfg = Release|Any CPU
		{FE8A054F-B9DA-419A-8FD6-D5FCE8CA75F7}.Release|x64.Build.0 = Release|Any CPU
		{FE8A054F-B9DA-419A-8FD6-D5FCE8CA75F7}.Release|x86.ActiveCfg = Release|Any CPU
		{FE8A054F-B9DA-419A-8FD6-D5FCE8CA75F7}.Release|x86.Build.0 = Release|Any CPU
		{D167E85E-0AF6-48D8-9EA3-23CDEA4562A2}.Debug|Any CPU.ActiveCfg = Debug|Any CPU
		{D167E85E-0AF6-48D8-9EA3-23CDEA4562A2}.Debug|Any CPU.Build.0 = Debug|Any CPU
		{D167E85E-0AF6-48D8-9EA3-23CDEA4562A2}.Debug|x64.ActiveCfg = Debug|Any CPU
		{D167E85E-0AF6-48D8-9EA3-23CDEA4562A2}.Debug|x64.Build.0 = Debug|Any CPU
		{D167E85E-0AF6-48D8-9EA3-23CDEA4562A2}.Debug|x86.ActiveCfg = Debug|Any CPU
		{D167E85E-0AF6-48D8-9EA3-23CDEA4562A2}.Debug|x86.Build.0 = Debug|Any CPU
		{D167E85E-0AF6-48D8-9EA3-23CDEA4562A2}.DebugLocal|Any CPU.ActiveCfg = Debug|Any CPU
		{D167E85E-0AF6-48D8-9EA3-23CDEA4562A2}.DebugLocal|Any CPU.Build.0 = Debug|Any CPU
		{D167E85E-0AF6-48D8-9EA3-23CDEA4562A2}.DebugLocal|x64.ActiveCfg = Debug|Any CPU
		{D167E85E-0AF6-48D8-9EA3-23CDEA4562A2}.DebugLocal|x64.Build.0 = Debug|Any CPU
		{D167E85E-0AF6-48D8-9EA3-23CDEA4562A2}.DebugLocal|x86.ActiveCfg = Debug|Any CPU
		{D167E85E-0AF6-48D8-9EA3-23CDEA4562A2}.DebugLocal|x86.Build.0 = Debug|Any CPU
		{D167E85E-0AF6-48D8-9EA3-23CDEA4562A2}.Release|Any CPU.ActiveCfg = Debug|Any CPU
		{D167E85E-0AF6-48D8-9EA3-23CDEA4562A2}.Release|Any CPU.Build.0 = Debug|Any CPU
		{D167E85E-0AF6-48D8-9EA3-23CDEA4562A2}.Release|x64.ActiveCfg = Release|Any CPU
		{D167E85E-0AF6-48D8-9EA3-23CDEA4562A2}.Release|x64.Build.0 = Release|Any CPU
		{D167E85E-0AF6-48D8-9EA3-23CDEA4562A2}.Release|x86.ActiveCfg = Release|Any CPU
		{D167E85E-0AF6-48D8-9EA3-23CDEA4562A2}.Release|x86.Build.0 = Release|Any CPU
		{C6EA7FAF-AB36-40E2-AF40-89BE851B4BB0}.Debug|Any CPU.ActiveCfg = Debug|Any CPU
		{C6EA7FAF-AB36-40E2-AF40-89BE851B4BB0}.Debug|Any CPU.Build.0 = Debug|Any CPU
		{C6EA7FAF-AB36-40E2-AF40-89BE851B4BB0}.Debug|x64.ActiveCfg = Debug|Any CPU
		{C6EA7FAF-AB36-40E2-AF40-89BE851B4BB0}.Debug|x64.Build.0 = Debug|Any CPU
		{C6EA7FAF-AB36-40E2-AF40-89BE851B4BB0}.Debug|x86.ActiveCfg = Debug|Any CPU
		{C6EA7FAF-AB36-40E2-AF40-89BE851B4BB0}.Debug|x86.Build.0 = Debug|Any CPU
		{C6EA7FAF-AB36-40E2-AF40-89BE851B4BB0}.DebugLocal|Any CPU.ActiveCfg = Debug|Any CPU
		{C6EA7FAF-AB36-40E2-AF40-89BE851B4BB0}.DebugLocal|Any CPU.Build.0 = Debug|Any CPU
		{C6EA7FAF-AB36-40E2-AF40-89BE851B4BB0}.DebugLocal|x64.ActiveCfg = Debug|Any CPU
		{C6EA7FAF-AB36-40E2-AF40-89BE851B4BB0}.DebugLocal|x64.Build.0 = Debug|Any CPU
		{C6EA7FAF-AB36-40E2-AF40-89BE851B4BB0}.DebugLocal|x86.ActiveCfg = Debug|Any CPU
		{C6EA7FAF-AB36-40E2-AF40-89BE851B4BB0}.DebugLocal|x86.Build.0 = Debug|Any CPU
		{C6EA7FAF-AB36-40E2-AF40-89BE851B4BB0}.Release|Any CPU.ActiveCfg = Debug|Any CPU
		{C6EA7FAF-AB36-40E2-AF40-89BE851B4BB0}.Release|Any CPU.Build.0 = Debug|Any CPU
		{C6EA7FAF-AB36-40E2-AF40-89BE851B4BB0}.Release|x64.ActiveCfg = Release|Any CPU
		{C6EA7FAF-AB36-40E2-AF40-89BE851B4BB0}.Release|x64.Build.0 = Release|Any CPU
		{C6EA7FAF-AB36-40E2-AF40-89BE851B4BB0}.Release|x86.ActiveCfg = Release|Any CPU
		{C6EA7FAF-AB36-40E2-AF40-89BE851B4BB0}.Release|x86.Build.0 = Release|Any CPU
		{51FDCBA4-9A0F-4CCD-8013-B499982DE472}.Debug|Any CPU.ActiveCfg = Debug|Any CPU
		{51FDCBA4-9A0F-4CCD-8013-B499982DE472}.Debug|Any CPU.Build.0 = Debug|Any CPU
		{51FDCBA4-9A0F-4CCD-8013-B499982DE472}.Debug|x64.ActiveCfg = Debug|Any CPU
		{51FDCBA4-9A0F-4CCD-8013-B499982DE472}.Debug|x64.Build.0 = Debug|Any CPU
		{51FDCBA4-9A0F-4CCD-8013-B499982DE472}.Debug|x86.ActiveCfg = Debug|Any CPU
		{51FDCBA4-9A0F-4CCD-8013-B499982DE472}.Debug|x86.Build.0 = Debug|Any CPU
		{51FDCBA4-9A0F-4CCD-8013-B499982DE472}.DebugLocal|Any CPU.ActiveCfg = Debug|Any CPU
		{51FDCBA4-9A0F-4CCD-8013-B499982DE472}.DebugLocal|Any CPU.Build.0 = Debug|Any CPU
		{51FDCBA4-9A0F-4CCD-8013-B499982DE472}.DebugLocal|x64.ActiveCfg = Debug|Any CPU
		{51FDCBA4-9A0F-4CCD-8013-B499982DE472}.DebugLocal|x64.Build.0 = Debug|Any CPU
		{51FDCBA4-9A0F-4CCD-8013-B499982DE472}.DebugLocal|x86.ActiveCfg = Debug|Any CPU
		{51FDCBA4-9A0F-4CCD-8013-B499982DE472}.DebugLocal|x86.Build.0 = Debug|Any CPU
		{51FDCBA4-9A0F-4CCD-8013-B499982DE472}.Release|Any CPU.ActiveCfg = Debug|Any CPU
		{51FDCBA4-9A0F-4CCD-8013-B499982DE472}.Release|Any CPU.Build.0 = Debug|Any CPU
		{51FDCBA4-9A0F-4CCD-8013-B499982DE472}.Release|x64.ActiveCfg = Release|Any CPU
		{51FDCBA4-9A0F-4CCD-8013-B499982DE472}.Release|x64.Build.0 = Release|Any CPU
		{51FDCBA4-9A0F-4CCD-8013-B499982DE472}.Release|x86.ActiveCfg = Release|Any CPU
		{51FDCBA4-9A0F-4CCD-8013-B499982DE472}.Release|x86.Build.0 = Release|Any CPU
		{B5F5C1E6-CE36-4B9D-BD8D-8BD7F381FDF8}.Debug|Any CPU.ActiveCfg = Debug|Any CPU
		{B5F5C1E6-CE36-4B9D-BD8D-8BD7F381FDF8}.Debug|Any CPU.Build.0 = Debug|Any CPU
		{B5F5C1E6-CE36-4B9D-BD8D-8BD7F381FDF8}.Debug|x64.ActiveCfg = Debug|Any CPU
		{B5F5C1E6-CE36-4B9D-BD8D-8BD7F381FDF8}.Debug|x64.Build.0 = Debug|Any CPU
		{B5F5C1E6-CE36-4B9D-BD8D-8BD7F381FDF8}.Debug|x86.ActiveCfg = Debug|Any CPU
		{B5F5C1E6-CE36-4B9D-BD8D-8BD7F381FDF8}.Debug|x86.Build.0 = Debug|Any CPU
		{B5F5C1E6-CE36-4B9D-BD8D-8BD7F381FDF8}.DebugLocal|Any CPU.ActiveCfg = Debug|Any CPU
		{B5F5C1E6-CE36-4B9D-BD8D-8BD7F381FDF8}.DebugLocal|Any CPU.Build.0 = Debug|Any CPU
		{B5F5C1E6-CE36-4B9D-BD8D-8BD7F381FDF8}.DebugLocal|x64.ActiveCfg = Debug|Any CPU
		{B5F5C1E6-CE36-4B9D-BD8D-8BD7F381FDF8}.DebugLocal|x64.Build.0 = Debug|Any CPU
		{B5F5C1E6-CE36-4B9D-BD8D-8BD7F381FDF8}.DebugLocal|x86.ActiveCfg = Debug|Any CPU
		{B5F5C1E6-CE36-4B9D-BD8D-8BD7F381FDF8}.DebugLocal|x86.Build.0 = Debug|Any CPU
		{B5F5C1E6-CE36-4B9D-BD8D-8BD7F381FDF8}.Release|Any CPU.ActiveCfg = Debug|Any CPU
		{B5F5C1E6-CE36-4B9D-BD8D-8BD7F381FDF8}.Release|Any CPU.Build.0 = Debug|Any CPU
		{B5F5C1E6-CE36-4B9D-BD8D-8BD7F381FDF8}.Release|x64.ActiveCfg = Release|Any CPU
		{B5F5C1E6-CE36-4B9D-BD8D-8BD7F381FDF8}.Release|x64.Build.0 = Release|Any CPU
		{B5F5C1E6-CE36-4B9D-BD8D-8BD7F381FDF8}.Release|x86.ActiveCfg = Release|Any CPU
		{B5F5C1E6-CE36-4B9D-BD8D-8BD7F381FDF8}.Release|x86.Build.0 = Release|Any CPU
		{0F4D6796-B76F-4D41-B487-C2E99C4CAA8B}.Debug|Any CPU.ActiveCfg = Debug|Any CPU
		{0F4D6796-B76F-4D41-B487-C2E99C4CAA8B}.Debug|Any CPU.Build.0 = Debug|Any CPU
		{0F4D6796-B76F-4D41-B487-C2E99C4CAA8B}.Debug|x64.ActiveCfg = Debug|Any CPU
		{0F4D6796-B76F-4D41-B487-C2E99C4CAA8B}.Debug|x64.Build.0 = Debug|Any CPU
		{0F4D6796-B76F-4D41-B487-C2E99C4CAA8B}.Debug|x86.ActiveCfg = Debug|Any CPU
		{0F4D6796-B76F-4D41-B487-C2E99C4CAA8B}.Debug|x86.Build.0 = Debug|Any CPU
		{0F4D6796-B76F-4D41-B487-C2E99C4CAA8B}.DebugLocal|Any CPU.ActiveCfg = Debug|Any CPU
		{0F4D6796-B76F-4D41-B487-C2E99C4CAA8B}.DebugLocal|Any CPU.Build.0 = Debug|Any CPU
		{0F4D6796-B76F-4D41-B487-C2E99C4CAA8B}.DebugLocal|x64.ActiveCfg = Debug|Any CPU
		{0F4D6796-B76F-4D41-B487-C2E99C4CAA8B}.DebugLocal|x64.Build.0 = Debug|Any CPU
		{0F4D6796-B76F-4D41-B487-C2E99C4CAA8B}.DebugLocal|x86.ActiveCfg = Debug|Any CPU
		{0F4D6796-B76F-4D41-B487-C2E99C4CAA8B}.DebugLocal|x86.Build.0 = Debug|Any CPU
		{0F4D6796-B76F-4D41-B487-C2E99C4CAA8B}.Release|Any CPU.ActiveCfg = Debug|Any CPU
		{0F4D6796-B76F-4D41-B487-C2E99C4CAA8B}.Release|Any CPU.Build.0 = Debug|Any CPU
		{0F4D6796-B76F-4D41-B487-C2E99C4CAA8B}.Release|x64.ActiveCfg = Release|Any CPU
		{0F4D6796-B76F-4D41-B487-C2E99C4CAA8B}.Release|x64.Build.0 = Release|Any CPU
		{0F4D6796-B76F-4D41-B487-C2E99C4CAA8B}.Release|x86.ActiveCfg = Release|Any CPU
		{0F4D6796-B76F-4D41-B487-C2E99C4CAA8B}.Release|x86.Build.0 = Release|Any CPU
		{55C49984-B9DF-49B0-9AEB-904572E92365}.Debug|Any CPU.ActiveCfg = Debug|Any CPU
		{55C49984-B9DF-49B0-9AEB-904572E92365}.Debug|Any CPU.Build.0 = Debug|Any CPU
		{55C49984-B9DF-49B0-9AEB-904572E92365}.Debug|x64.ActiveCfg = Debug|Any CPU
		{55C49984-B9DF-49B0-9AEB-904572E92365}.Debug|x64.Build.0 = Debug|Any CPU
		{55C49984-B9DF-49B0-9AEB-904572E92365}.Debug|x86.ActiveCfg = Debug|Any CPU
		{55C49984-B9DF-49B0-9AEB-904572E92365}.Debug|x86.Build.0 = Debug|Any CPU
		{55C49984-B9DF-49B0-9AEB-904572E92365}.DebugLocal|Any CPU.ActiveCfg = Debug|Any CPU
		{55C49984-B9DF-49B0-9AEB-904572E92365}.DebugLocal|Any CPU.Build.0 = Debug|Any CPU
		{55C49984-B9DF-49B0-9AEB-904572E92365}.DebugLocal|x64.ActiveCfg = Debug|Any CPU
		{55C49984-B9DF-49B0-9AEB-904572E92365}.DebugLocal|x64.Build.0 = Debug|Any CPU
		{55C49984-B9DF-49B0-9AEB-904572E92365}.DebugLocal|x86.ActiveCfg = Debug|Any CPU
		{55C49984-B9DF-49B0-9AEB-904572E92365}.DebugLocal|x86.Build.0 = Debug|Any CPU
		{55C49984-B9DF-49B0-9AEB-904572E92365}.Release|Any CPU.ActiveCfg = Debug|Any CPU
		{55C49984-B9DF-49B0-9AEB-904572E92365}.Release|Any CPU.Build.0 = Debug|Any CPU
		{55C49984-B9DF-49B0-9AEB-904572E92365}.Release|x64.ActiveCfg = Release|Any CPU
		{55C49984-B9DF-49B0-9AEB-904572E92365}.Release|x64.Build.0 = Release|Any CPU
		{55C49984-B9DF-49B0-9AEB-904572E92365}.Release|x86.ActiveCfg = Release|Any CPU
		{55C49984-B9DF-49B0-9AEB-904572E92365}.Release|x86.Build.0 = Release|Any CPU
		{D47B1360-2511-4217-A807-F8E5F24222B4}.Debug|Any CPU.ActiveCfg = Debug|Any CPU
		{D47B1360-2511-4217-A807-F8E5F24222B4}.Debug|Any CPU.Build.0 = Debug|Any CPU
		{D47B1360-2511-4217-A807-F8E5F24222B4}.Debug|x64.ActiveCfg = Debug|Any CPU
		{D47B1360-2511-4217-A807-F8E5F24222B4}.Debug|x64.Build.0 = Debug|Any CPU
		{D47B1360-2511-4217-A807-F8E5F24222B4}.Debug|x86.ActiveCfg = Debug|Any CPU
		{D47B1360-2511-4217-A807-F8E5F24222B4}.Debug|x86.Build.0 = Debug|Any CPU
		{D47B1360-2511-4217-A807-F8E5F24222B4}.DebugLocal|Any CPU.ActiveCfg = Debug|Any CPU
		{D47B1360-2511-4217-A807-F8E5F24222B4}.DebugLocal|Any CPU.Build.0 = Debug|Any CPU
		{D47B1360-2511-4217-A807-F8E5F24222B4}.DebugLocal|x64.ActiveCfg = Debug|Any CPU
		{D47B1360-2511-4217-A807-F8E5F24222B4}.DebugLocal|x64.Build.0 = Debug|Any CPU
		{D47B1360-2511-4217-A807-F8E5F24222B4}.DebugLocal|x86.ActiveCfg = Debug|Any CPU
		{D47B1360-2511-4217-A807-F8E5F24222B4}.DebugLocal|x86.Build.0 = Debug|Any CPU
		{D47B1360-2511-4217-A807-F8E5F24222B4}.Release|Any CPU.ActiveCfg = Debug|Any CPU
		{D47B1360-2511-4217-A807-F8E5F24222B4}.Release|Any CPU.Build.0 = Debug|Any CPU
		{D47B1360-2511-4217-A807-F8E5F24222B4}.Release|x64.ActiveCfg = Release|Any CPU
		{D47B1360-2511-4217-A807-F8E5F24222B4}.Release|x64.Build.0 = Release|Any CPU
		{D47B1360-2511-4217-A807-F8E5F24222B4}.Release|x86.ActiveCfg = Release|Any CPU
		{D47B1360-2511-4217-A807-F8E5F24222B4}.Release|x86.Build.0 = Release|Any CPU
		{3F078178-23B8-46BA-A369-F873210BFFE4}.Debug|Any CPU.ActiveCfg = Debug|Any CPU
		{3F078178-23B8-46BA-A369-F873210BFFE4}.Debug|Any CPU.Build.0 = Debug|Any CPU
		{3F078178-23B8-46BA-A369-F873210BFFE4}.Debug|x64.ActiveCfg = Debug|Any CPU
		{3F078178-23B8-46BA-A369-F873210BFFE4}.Debug|x64.Build.0 = Debug|Any CPU
		{3F078178-23B8-46BA-A369-F873210BFFE4}.Debug|x86.ActiveCfg = Debug|Any CPU
		{3F078178-23B8-46BA-A369-F873210BFFE4}.Debug|x86.Build.0 = Debug|Any CPU
		{3F078178-23B8-46BA-A369-F873210BFFE4}.DebugLocal|Any CPU.ActiveCfg = Debug|Any CPU
		{3F078178-23B8-46BA-A369-F873210BFFE4}.DebugLocal|Any CPU.Build.0 = Debug|Any CPU
		{3F078178-23B8-46BA-A369-F873210BFFE4}.DebugLocal|x64.ActiveCfg = Debug|Any CPU
		{3F078178-23B8-46BA-A369-F873210BFFE4}.DebugLocal|x64.Build.0 = Debug|Any CPU
		{3F078178-23B8-46BA-A369-F873210BFFE4}.DebugLocal|x86.ActiveCfg = Debug|Any CPU
		{3F078178-23B8-46BA-A369-F873210BFFE4}.DebugLocal|x86.Build.0 = Debug|Any CPU
		{3F078178-23B8-46BA-A369-F873210BFFE4}.Release|Any CPU.ActiveCfg = Debug|Any CPU
		{3F078178-23B8-46BA-A369-F873210BFFE4}.Release|Any CPU.Build.0 = Debug|Any CPU
		{3F078178-23B8-46BA-A369-F873210BFFE4}.Release|x64.ActiveCfg = Release|Any CPU
		{3F078178-23B8-46BA-A369-F873210BFFE4}.Release|x64.Build.0 = Release|Any CPU
		{3F078178-23B8-46BA-A369-F873210BFFE4}.Release|x86.ActiveCfg = Release|Any CPU
		{3F078178-23B8-46BA-A369-F873210BFFE4}.Release|x86.Build.0 = Release|Any CPU
		{0728A249-289A-4AA8-AD95-65CA266A29F7}.Debug|Any CPU.ActiveCfg = Debug|Any CPU
		{0728A249-289A-4AA8-AD95-65CA266A29F7}.Debug|Any CPU.Build.0 = Debug|Any CPU
		{0728A249-289A-4AA8-AD95-65CA266A29F7}.Debug|x64.ActiveCfg = Debug|Any CPU
		{0728A249-289A-4AA8-AD95-65CA266A29F7}.Debug|x64.Build.0 = Debug|Any CPU
		{0728A249-289A-4AA8-AD95-65CA266A29F7}.Debug|x86.ActiveCfg = Debug|Any CPU
		{0728A249-289A-4AA8-AD95-65CA266A29F7}.Debug|x86.Build.0 = Debug|Any CPU
		{0728A249-289A-4AA8-AD95-65CA266A29F7}.DebugLocal|Any CPU.ActiveCfg = Debug|Any CPU
		{0728A249-289A-4AA8-AD95-65CA266A29F7}.DebugLocal|Any CPU.Build.0 = Debug|Any CPU
		{0728A249-289A-4AA8-AD95-65CA266A29F7}.DebugLocal|x64.ActiveCfg = Debug|Any CPU
		{0728A249-289A-4AA8-AD95-65CA266A29F7}.DebugLocal|x64.Build.0 = Debug|Any CPU
		{0728A249-289A-4AA8-AD95-65CA266A29F7}.DebugLocal|x86.ActiveCfg = Debug|Any CPU
		{0728A249-289A-4AA8-AD95-65CA266A29F7}.DebugLocal|x86.Build.0 = Debug|Any CPU
		{0728A249-289A-4AA8-AD95-65CA266A29F7}.Release|Any CPU.ActiveCfg = Debug|Any CPU
		{0728A249-289A-4AA8-AD95-65CA266A29F7}.Release|Any CPU.Build.0 = Debug|Any CPU
		{0728A249-289A-4AA8-AD95-65CA266A29F7}.Release|x64.ActiveCfg = Release|Any CPU
		{0728A249-289A-4AA8-AD95-65CA266A29F7}.Release|x64.Build.0 = Release|Any CPU
		{0728A249-289A-4AA8-AD95-65CA266A29F7}.Release|x86.ActiveCfg = Release|Any CPU
		{0728A249-289A-4AA8-AD95-65CA266A29F7}.Release|x86.Build.0 = Release|Any CPU
		{74EE63E2-5832-4783-A7B4-E6A847491CC5}.Debug|Any CPU.ActiveCfg = Debug|Any CPU
		{74EE63E2-5832-4783-A7B4-E6A847491CC5}.Debug|Any CPU.Build.0 = Debug|Any CPU
		{74EE63E2-5832-4783-A7B4-E6A847491CC5}.Debug|x64.ActiveCfg = Debug|Any CPU
		{74EE63E2-5832-4783-A7B4-E6A847491CC5}.Debug|x64.Build.0 = Debug|Any CPU
		{74EE63E2-5832-4783-A7B4-E6A847491CC5}.Debug|x86.ActiveCfg = Debug|Any CPU
		{74EE63E2-5832-4783-A7B4-E6A847491CC5}.Debug|x86.Build.0 = Debug|Any CPU
		{74EE63E2-5832-4783-A7B4-E6A847491CC5}.DebugLocal|Any CPU.ActiveCfg = Debug|Any CPU
		{74EE63E2-5832-4783-A7B4-E6A847491CC5}.DebugLocal|Any CPU.Build.0 = Debug|Any CPU
		{74EE63E2-5832-4783-A7B4-E6A847491CC5}.DebugLocal|x64.ActiveCfg = Debug|Any CPU
		{74EE63E2-5832-4783-A7B4-E6A847491CC5}.DebugLocal|x64.Build.0 = Debug|Any CPU
		{74EE63E2-5832-4783-A7B4-E6A847491CC5}.DebugLocal|x86.ActiveCfg = Debug|Any CPU
		{74EE63E2-5832-4783-A7B4-E6A847491CC5}.DebugLocal|x86.Build.0 = Debug|Any CPU
		{74EE63E2-5832-4783-A7B4-E6A847491CC5}.Release|Any CPU.ActiveCfg = Debug|Any CPU
		{74EE63E2-5832-4783-A7B4-E6A847491CC5}.Release|Any CPU.Build.0 = Debug|Any CPU
		{74EE63E2-5832-4783-A7B4-E6A847491CC5}.Release|x64.ActiveCfg = Release|Any CPU
		{74EE63E2-5832-4783-A7B4-E6A847491CC5}.Release|x64.Build.0 = Release|Any CPU
		{74EE63E2-5832-4783-A7B4-E6A847491CC5}.Release|x86.ActiveCfg = Release|Any CPU
		{74EE63E2-5832-4783-A7B4-E6A847491CC5}.Release|x86.Build.0 = Release|Any CPU
		{408228FD-0A74-46BD-A6A7-3E4AA536F7E1}.Debug|Any CPU.ActiveCfg = Debug|Any CPU
		{408228FD-0A74-46BD-A6A7-3E4AA536F7E1}.Debug|Any CPU.Build.0 = Debug|Any CPU
		{408228FD-0A74-46BD-A6A7-3E4AA536F7E1}.Debug|x64.ActiveCfg = Debug|Any CPU
		{408228FD-0A74-46BD-A6A7-3E4AA536F7E1}.Debug|x64.Build.0 = Debug|Any CPU
		{408228FD-0A74-46BD-A6A7-3E4AA536F7E1}.Debug|x86.ActiveCfg = Debug|Any CPU
		{408228FD-0A74-46BD-A6A7-3E4AA536F7E1}.Debug|x86.Build.0 = Debug|Any CPU
		{408228FD-0A74-46BD-A6A7-3E4AA536F7E1}.DebugLocal|Any CPU.ActiveCfg = Debug|Any CPU
		{408228FD-0A74-46BD-A6A7-3E4AA536F7E1}.DebugLocal|Any CPU.Build.0 = Debug|Any CPU
		{408228FD-0A74-46BD-A6A7-3E4AA536F7E1}.DebugLocal|x64.ActiveCfg = Debug|Any CPU
		{408228FD-0A74-46BD-A6A7-3E4AA536F7E1}.DebugLocal|x64.Build.0 = Debug|Any CPU
		{408228FD-0A74-46BD-A6A7-3E4AA536F7E1}.DebugLocal|x86.ActiveCfg = Debug|Any CPU
		{408228FD-0A74-46BD-A6A7-3E4AA536F7E1}.DebugLocal|x86.Build.0 = Debug|Any CPU
		{408228FD-0A74-46BD-A6A7-3E4AA536F7E1}.Release|Any CPU.ActiveCfg = Debug|Any CPU
		{408228FD-0A74-46BD-A6A7-3E4AA536F7E1}.Release|Any CPU.Build.0 = Debug|Any CPU
		{408228FD-0A74-46BD-A6A7-3E4AA536F7E1}.Release|x64.ActiveCfg = Release|Any CPU
		{408228FD-0A74-46BD-A6A7-3E4AA536F7E1}.Release|x64.Build.0 = Release|Any CPU
		{408228FD-0A74-46BD-A6A7-3E4AA536F7E1}.Release|x86.ActiveCfg = Release|Any CPU
		{408228FD-0A74-46BD-A6A7-3E4AA536F7E1}.Release|x86.Build.0 = Release|Any CPU
		{EA6CC472-2789-4BDE-B483-178DB5AD2F63}.Debug|Any CPU.ActiveCfg = Debug|Any CPU
		{EA6CC472-2789-4BDE-B483-178DB5AD2F63}.Debug|Any CPU.Build.0 = Debug|Any CPU
		{EA6CC472-2789-4BDE-B483-178DB5AD2F63}.Debug|x64.ActiveCfg = Debug|Any CPU
		{EA6CC472-2789-4BDE-B483-178DB5AD2F63}.Debug|x64.Build.0 = Debug|Any CPU
		{EA6CC472-2789-4BDE-B483-178DB5AD2F63}.Debug|x86.ActiveCfg = Debug|Any CPU
		{EA6CC472-2789-4BDE-B483-178DB5AD2F63}.Debug|x86.Build.0 = Debug|Any CPU
		{EA6CC472-2789-4BDE-B483-178DB5AD2F63}.DebugLocal|Any CPU.ActiveCfg = Debug|Any CPU
		{EA6CC472-2789-4BDE-B483-178DB5AD2F63}.DebugLocal|Any CPU.Build.0 = Debug|Any CPU
		{EA6CC472-2789-4BDE-B483-178DB5AD2F63}.DebugLocal|x64.ActiveCfg = Debug|Any CPU
		{EA6CC472-2789-4BDE-B483-178DB5AD2F63}.DebugLocal|x64.Build.0 = Debug|Any CPU
		{EA6CC472-2789-4BDE-B483-178DB5AD2F63}.DebugLocal|x86.ActiveCfg = Debug|Any CPU
		{EA6CC472-2789-4BDE-B483-178DB5AD2F63}.DebugLocal|x86.Build.0 = Debug|Any CPU
		{EA6CC472-2789-4BDE-B483-178DB5AD2F63}.Release|Any CPU.ActiveCfg = Debug|Any CPU
		{EA6CC472-2789-4BDE-B483-178DB5AD2F63}.Release|Any CPU.Build.0 = Debug|Any CPU
		{EA6CC472-2789-4BDE-B483-178DB5AD2F63}.Release|x64.ActiveCfg = Release|Any CPU
		{EA6CC472-2789-4BDE-B483-178DB5AD2F63}.Release|x64.Build.0 = Release|Any CPU
		{EA6CC472-2789-4BDE-B483-178DB5AD2F63}.Release|x86.ActiveCfg = Release|Any CPU
		{EA6CC472-2789-4BDE-B483-178DB5AD2F63}.Release|x86.Build.0 = Release|Any CPU
		{0244AC55-B67A-479E-BB46-CD47549C2090}.Debug|Any CPU.ActiveCfg = Debug|Any CPU
		{0244AC55-B67A-479E-BB46-CD47549C2090}.Debug|Any CPU.Build.0 = Debug|Any CPU
		{0244AC55-B67A-479E-BB46-CD47549C2090}.Debug|x64.ActiveCfg = Debug|Any CPU
		{0244AC55-B67A-479E-BB46-CD47549C2090}.Debug|x64.Build.0 = Debug|Any CPU
		{0244AC55-B67A-479E-BB46-CD47549C2090}.Debug|x86.ActiveCfg = Debug|Any CPU
		{0244AC55-B67A-479E-BB46-CD47549C2090}.Debug|x86.Build.0 = Debug|Any CPU
		{0244AC55-B67A-479E-BB46-CD47549C2090}.DebugLocal|Any CPU.ActiveCfg = Debug|Any CPU
		{0244AC55-B67A-479E-BB46-CD47549C2090}.DebugLocal|Any CPU.Build.0 = Debug|Any CPU
		{0244AC55-B67A-479E-BB46-CD47549C2090}.DebugLocal|x64.ActiveCfg = Debug|Any CPU
		{0244AC55-B67A-479E-BB46-CD47549C2090}.DebugLocal|x64.Build.0 = Debug|Any CPU
		{0244AC55-B67A-479E-BB46-CD47549C2090}.DebugLocal|x86.ActiveCfg = Debug|Any CPU
		{0244AC55-B67A-479E-BB46-CD47549C2090}.DebugLocal|x86.Build.0 = Debug|Any CPU
		{0244AC55-B67A-479E-BB46-CD47549C2090}.Release|Any CPU.ActiveCfg = Debug|Any CPU
		{0244AC55-B67A-479E-BB46-CD47549C2090}.Release|Any CPU.Build.0 = Debug|Any CPU
		{0244AC55-B67A-479E-BB46-CD47549C2090}.Release|x64.ActiveCfg = Release|Any CPU
		{0244AC55-B67A-479E-BB46-CD47549C2090}.Release|x64.Build.0 = Release|Any CPU
		{0244AC55-B67A-479E-BB46-CD47549C2090}.Release|x86.ActiveCfg = Release|Any CPU
		{0244AC55-B67A-479E-BB46-CD47549C2090}.Release|x86.Build.0 = Release|Any CPU
		{D34E3591-0144-42EF-8BAA-F716CD7ACCE0}.Debug|Any CPU.ActiveCfg = Debug|Any CPU
		{D34E3591-0144-42EF-8BAA-F716CD7ACCE0}.Debug|Any CPU.Build.0 = Debug|Any CPU
		{D34E3591-0144-42EF-8BAA-F716CD7ACCE0}.Debug|x64.ActiveCfg = Debug|Any CPU
		{D34E3591-0144-42EF-8BAA-F716CD7ACCE0}.Debug|x64.Build.0 = Debug|Any CPU
		{D34E3591-0144-42EF-8BAA-F716CD7ACCE0}.Debug|x86.ActiveCfg = Debug|Any CPU
		{D34E3591-0144-42EF-8BAA-F716CD7ACCE0}.Debug|x86.Build.0 = Debug|Any CPU
		{D34E3591-0144-42EF-8BAA-F716CD7ACCE0}.DebugLocal|Any CPU.ActiveCfg = Debug|Any CPU
		{D34E3591-0144-42EF-8BAA-F716CD7ACCE0}.DebugLocal|Any CPU.Build.0 = Debug|Any CPU
		{D34E3591-0144-42EF-8BAA-F716CD7ACCE0}.DebugLocal|x64.ActiveCfg = Debug|Any CPU
		{D34E3591-0144-42EF-8BAA-F716CD7ACCE0}.DebugLocal|x64.Build.0 = Debug|Any CPU
		{D34E3591-0144-42EF-8BAA-F716CD7ACCE0}.DebugLocal|x86.ActiveCfg = Debug|Any CPU
		{D34E3591-0144-42EF-8BAA-F716CD7ACCE0}.DebugLocal|x86.Build.0 = Debug|Any CPU
		{D34E3591-0144-42EF-8BAA-F716CD7ACCE0}.Release|Any CPU.ActiveCfg = Release|Any CPU
		{D34E3591-0144-42EF-8BAA-F716CD7ACCE0}.Release|Any CPU.Build.0 = Release|Any CPU
		{D34E3591-0144-42EF-8BAA-F716CD7ACCE0}.Release|x64.ActiveCfg = Release|Any CPU
		{D34E3591-0144-42EF-8BAA-F716CD7ACCE0}.Release|x64.Build.0 = Release|Any CPU
		{D34E3591-0144-42EF-8BAA-F716CD7ACCE0}.Release|x86.ActiveCfg = Release|Any CPU
		{D34E3591-0144-42EF-8BAA-F716CD7ACCE0}.Release|x86.Build.0 = Release|Any CPU
		{1B5C74E0-771C-487D-B268-AFCDDEA2CD75}.Debug|Any CPU.ActiveCfg = Debug|Any CPU
		{1B5C74E0-771C-487D-B268-AFCDDEA2CD75}.Debug|Any CPU.Build.0 = Debug|Any CPU
		{1B5C74E0-771C-487D-B268-AFCDDEA2CD75}.Debug|x64.ActiveCfg = Debug|Any CPU
		{1B5C74E0-771C-487D-B268-AFCDDEA2CD75}.Debug|x64.Build.0 = Debug|Any CPU
		{1B5C74E0-771C-487D-B268-AFCDDEA2CD75}.Debug|x86.ActiveCfg = Debug|Any CPU
		{1B5C74E0-771C-487D-B268-AFCDDEA2CD75}.Debug|x86.Build.0 = Debug|Any CPU
		{1B5C74E0-771C-487D-B268-AFCDDEA2CD75}.DebugLocal|Any CPU.ActiveCfg = Debug|Any CPU
		{1B5C74E0-771C-487D-B268-AFCDDEA2CD75}.DebugLocal|Any CPU.Build.0 = Debug|Any CPU
		{1B5C74E0-771C-487D-B268-AFCDDEA2CD75}.DebugLocal|x64.ActiveCfg = Debug|Any CPU
		{1B5C74E0-771C-487D-B268-AFCDDEA2CD75}.DebugLocal|x64.Build.0 = Debug|Any CPU
		{1B5C74E0-771C-487D-B268-AFCDDEA2CD75}.DebugLocal|x86.ActiveCfg = Debug|Any CPU
		{1B5C74E0-771C-487D-B268-AFCDDEA2CD75}.DebugLocal|x86.Build.0 = Debug|Any CPU
		{1B5C74E0-771C-487D-B268-AFCDDEA2CD75}.Release|Any CPU.ActiveCfg = Release|Any CPU
		{1B5C74E0-771C-487D-B268-AFCDDEA2CD75}.Release|Any CPU.Build.0 = Release|Any CPU
		{1B5C74E0-771C-487D-B268-AFCDDEA2CD75}.Release|x64.ActiveCfg = Release|Any CPU
		{1B5C74E0-771C-487D-B268-AFCDDEA2CD75}.Release|x64.Build.0 = Release|Any CPU
		{1B5C74E0-771C-487D-B268-AFCDDEA2CD75}.Release|x86.ActiveCfg = Release|Any CPU
		{1B5C74E0-771C-487D-B268-AFCDDEA2CD75}.Release|x86.Build.0 = Release|Any CPU
		{B298C584-5418-4854-ADBF-E2CC0631539F}.Debug|Any CPU.ActiveCfg = Debug|Any CPU
		{B298C584-5418-4854-ADBF-E2CC0631539F}.Debug|Any CPU.Build.0 = Debug|Any CPU
		{B298C584-5418-4854-ADBF-E2CC0631539F}.Debug|x64.ActiveCfg = Debug|Any CPU
		{B298C584-5418-4854-ADBF-E2CC0631539F}.Debug|x64.Build.0 = Debug|Any CPU
		{B298C584-5418-4854-ADBF-E2CC0631539F}.Debug|x86.ActiveCfg = Debug|Any CPU
		{B298C584-5418-4854-ADBF-E2CC0631539F}.Debug|x86.Build.0 = Debug|Any CPU
		{B298C584-5418-4854-ADBF-E2CC0631539F}.DebugLocal|Any CPU.ActiveCfg = Debug|Any CPU
		{B298C584-5418-4854-ADBF-E2CC0631539F}.DebugLocal|Any CPU.Build.0 = Debug|Any CPU
		{B298C584-5418-4854-ADBF-E2CC0631539F}.DebugLocal|x64.ActiveCfg = Debug|Any CPU
		{B298C584-5418-4854-ADBF-E2CC0631539F}.DebugLocal|x64.Build.0 = Debug|Any CPU
		{B298C584-5418-4854-ADBF-E2CC0631539F}.DebugLocal|x86.ActiveCfg = Debug|Any CPU
		{B298C584-5418-4854-ADBF-E2CC0631539F}.DebugLocal|x86.Build.0 = Debug|Any CPU
		{B298C584-5418-4854-ADBF-E2CC0631539F}.Release|Any CPU.ActiveCfg = Release|Any CPU
		{B298C584-5418-4854-ADBF-E2CC0631539F}.Release|Any CPU.Build.0 = Release|Any CPU
		{B298C584-5418-4854-ADBF-E2CC0631539F}.Release|x64.ActiveCfg = Release|Any CPU
		{B298C584-5418-4854-ADBF-E2CC0631539F}.Release|x64.Build.0 = Release|Any CPU
		{B298C584-5418-4854-ADBF-E2CC0631539F}.Release|x86.ActiveCfg = Release|Any CPU
		{B298C584-5418-4854-ADBF-E2CC0631539F}.Release|x86.Build.0 = Release|Any CPU
	EndGlobalSection
	GlobalSection(SolutionProperties) = preSolution
		HideSolutionNode = FALSE
	EndGlobalSection
	GlobalSection(ExtensibilityGlobals) = postSolution
		SolutionGuid = {F7F481EF-D662-4489-9CC5-F325EDB04874}
	EndGlobalSection
EndGlobal
