
Microsoft Visual Studio Solution File, Format Version 12.00
# Visual Studio 15
VisualStudioVersion = 15.0.28307.2092
MinimumVisualStudioVersion = 10.0.40219.1
Project("{FAE04EC0-301F-11D3-BF4B-00C04F79EFBC}") = "RRDMJournalsTransfer", "RRDMJournalsTransfer.csproj", "{B298C584-5418-4854-ADBF-E2CC0631539F}"
EndProject
Global
	GlobalSection(SolutionConfigurationPlatforms) = preSolution
		Debug|Any CPU = Debug|Any CPU
		Release|Any CPU = Release|Any CPU
	EndGlobalSection
	GlobalSection(ProjectConfigurationPlatforms) = postSolution
		{B298C584-5418-4854-ADBF-E2CC0631539F}.Debug|Any CPU.ActiveCfg = Debug|Any CPU
		{B298C584-5418-4854-ADBF-E2CC0631539F}.Debug|Any CPU.Build.0 = Debug|Any CPU
		{B298C584-5418-4854-ADBF-E2CC0631539F}.Release|Any CPU.ActiveCfg = Release|Any CPU
		{B298C584-5418-4854-ADBF-E2CC0631539F}.Release|Any CPU.Build.0 = Release|Any CPU
	EndGlobalSection
	GlobalSection(SolutionProperties) = preSolution
		HideSolutionNode = FALSE
	EndGlobalSection
	GlobalSection(ExtensibilityGlobals) = postSolution
		SolutionGuid = {255B448C-8152-4E6C-A696-938DFE117CB8}
	EndGlobalSection
EndGlobal
